
Microsoft Visual Studio Solution File, Format Version 12.00
# Visual Studio Version 17
VisualStudioVersion = 17.7.34031.279
MinimumVisualStudioVersion = 10.0.40219.1
Project("{FAE04EC0-301F-11D3-BF4B-00C04F79EFBC}") = "Berufsschule", "Berufsschule\Berufsschule.csproj", "{81036D3F-E402-42C1-BBA3-87A4DBB4AE12}"
EndProject
Project("{FAE04EC0-301F-11D3-BF4B-00C04F79EFBC}") = "Bankautomat", "Bankautomat\Bankautomat.csproj", "{3A17C5DB-F7DC-4D7C-ADC9-01D0F48744DE}"
EndProject
Project("{FAE04EC0-301F-11D3-BF4B-00C04F79EFBC}") = "Constructors", "Constructors\Constructors.csproj", "{186F90A2-9CB4-4FB8-8D62-75AF690065DA}"
EndProject
Project("{FAE04EC0-301F-11D3-BF4B-00C04F79EFBC}") = "Calculator", "Calculator\Calculator.csproj", "{D5F2C417-EDAE-4CF3-8FD1-5DB01096DDC4}"
EndProject
Project("{FAE04EC0-301F-11D3-BF4B-00C04F79EFBC}") = "Bank", "Bank\Bank.csproj", "{BD769370-3542-41FD-82B4-2F63601971E2}"
EndProject
Global
	GlobalSection(SolutionConfigurationPlatforms) = preSolution
		Debug|Any CPU = Debug|Any CPU
		Release|Any CPU = Release|Any CPU
	EndGlobalSection
	GlobalSection(ProjectConfigurationPlatforms) = postSolution
		{81036D3F-E402-42C1-BBA3-87A4DBB4AE12}.Debug|Any CPU.ActiveCfg = Debug|Any CPU
		{81036D3F-E402-42C1-BBA3-87A4DBB4AE12}.Debug|Any CPU.Build.0 = Debug|Any CPU
		{81036D3F-E402-42C1-BBA3-87A4DBB4AE12}.Release|Any CPU.ActiveCfg = Release|Any CPU
		{81036D3F-E402-42C1-BBA3-87A4DBB4AE12}.Release|Any CPU.Build.0 = Release|Any CPU
		{3A17C5DB-F7DC-4D7C-ADC9-01D0F48744DE}.Debug|Any CPU.ActiveCfg = Debug|Any CPU
		{3A17C5DB-F7DC-4D7C-ADC9-01D0F48744DE}.Debug|Any CPU.Build.0 = Debug|Any CPU
		{3A17C5DB-F7DC-4D7C-ADC9-01D0F48744DE}.Release|Any CPU.ActiveCfg = Release|Any CPU
		{3A17C5DB-F7DC-4D7C-ADC9-01D0F48744DE}.Release|Any CPU.Build.0 = Release|Any CPU
		{186F90A2-9CB4-4FB8-8D62-75AF690065DA}.Debug|Any CPU.ActiveCfg = Debug|Any CPU
		{186F90A2-9CB4-4FB8-8D62-75AF690065DA}.Debug|Any CPU.Build.0 = Debug|Any CPU
		{186F90A2-9CB4-4FB8-8D62-75AF690065DA}.Release|Any CPU.ActiveCfg = Release|Any CPU
		{186F90A2-9CB4-4FB8-8D62-75AF690065DA}.Release|Any CPU.Build.0 = Release|Any CPU
		{D5F2C417-EDAE-4CF3-8FD1-5DB01096DDC4}.Debug|Any CPU.ActiveCfg = Debug|Any CPU
		{D5F2C417-EDAE-4CF3-8FD1-5DB01096DDC4}.Debug|Any CPU.Build.0 = Debug|Any CPU
		{D5F2C417-EDAE-4CF3-8FD1-5DB01096DDC4}.Release|Any CPU.ActiveCfg = Release|Any CPU
		{D5F2C417-EDAE-4CF3-8FD1-5DB01096DDC4}.Release|Any CPU.Build.0 = Release|Any CPU
		{BD769370-3542-41FD-82B4-2F63601971E2}.Debug|Any CPU.ActiveCfg = Debug|Any CPU
		{BD769370-3542-41FD-82B4-2F63601971E2}.Debug|Any CPU.Build.0 = Debug|Any CPU
		{BD769370-3542-41FD-82B4-2F63601971E2}.Release|Any CPU.ActiveCfg = Release|Any CPU
		{BD769370-3542-41FD-82B4-2F63601971E2}.Release|Any CPU.Build.0 = Release|Any CPU
	EndGlobalSection
	GlobalSection(SolutionProperties) = preSolution
		HideSolutionNode = FALSE
	EndGlobalSection
	GlobalSection(ExtensibilityGlobals) = postSolution
		SolutionGuid = {98673F97-2498-4CA5-BAAE-99E4E30CD839}
	EndGlobalSection
EndGlobal
